
Microsoft Visual Studio Solution File, Format Version 12.00
# Visual Studio Version 17
VisualStudioVersion = 17.2.32616.157
MinimumVisualStudioVersion = 10.0.40219.1
Project("{9A19103F-16F7-4668-BE54-9A1E7A4F7556}") = "IADEditor", "IADEditor\IADEditor.csproj", "{51DFBDA5-3F0B-4639-8A81-B8E7379BDA77}"
EndProject
Project("{8BC9CEB8-8B4A-11D0-8D11-00A0C91BC942}") = "Engine", "Engine\Engine.vcxproj", "{348658CC-E11B-4454-BBF1-CD710AE38ABC}"
EndProject
Project("{8BC9CEB8-8B4A-11D0-8D11-00A0C91BC942}") = "EngineTest", "EngineTest\EngineTest.vcxproj", "{33312AC2-CA3D-4CD8-BBBE-351EAEFFE457}"
	ProjectSection(ProjectDependencies) = postProject
		{348658CC-E11B-4454-BBF1-CD710AE38ABC} = {348658CC-E11B-4454-BBF1-CD710AE38ABC}
	EndProjectSection
EndProject
Project("{8BC9CEB8-8B4A-11D0-8D11-00A0C91BC942}") = "EngineDLL", "EngineDLL\EngineDLL.vcxproj", "{89F461F5-3D4C-4F87-9201-1E81029014B8}"
	ProjectSection(ProjectDependencies) = postProject
		{348658CC-E11B-4454-BBF1-CD710AE38ABC} = {348658CC-E11B-4454-BBF1-CD710AE38ABC}
	EndProjectSection
EndProject
Project("{8BC9CEB8-8B4A-11D0-8D11-00A0C91BC942}") = "ContentTools", "ContentTools\ContentTools.vcxproj", "{55611667-72B1-4398-AC49-78CF9D5FE88A}"
EndProject
Global
	GlobalSection(SolutionConfigurationPlatforms) = preSolution
		Debug|x64 = Debug|x64
		DebugEditor|x64 = DebugEditor|x64
		Release|x64 = Release|x64
		ReleaseEditor|x64 = ReleaseEditor|x64
	EndGlobalSection
	GlobalSection(ProjectConfigurationPlatforms) = postSolution
		{51DFBDA5-3F0B-4639-8A81-B8E7379BDA77}.Debug|x64.ActiveCfg = DebugEditor|x64
		{51DFBDA5-3F0B-4639-8A81-B8E7379BDA77}.Debug|x64.Build.0 = DebugEditor|x64
		{51DFBDA5-3F0B-4639-8A81-B8E7379BDA77}.DebugEditor|x64.ActiveCfg = DebugEditor|x64
		{51DFBDA5-3F0B-4639-8A81-B8E7379BDA77}.DebugEditor|x64.Build.0 = DebugEditor|x64
		{51DFBDA5-3F0B-4639-8A81-B8E7379BDA77}.Release|x64.ActiveCfg = ReleaseEditor|x64
		{51DFBDA5-3F0B-4639-8A81-B8E7379BDA77}.Release|x64.Build.0 = ReleaseEditor|x64
		{51DFBDA5-3F0B-4639-8A81-B8E7379BDA77}.ReleaseEditor|x64.ActiveCfg = ReleaseEditor|x64
		{51DFBDA5-3F0B-4639-8A81-B8E7379BDA77}.ReleaseEditor|x64.Build.0 = ReleaseEditor|x64
		{348658CC-E11B-4454-BBF1-CD710AE38ABC}.Debug|x64.ActiveCfg = Debug|x64
		{348658CC-E11B-4454-BBF1-CD710AE38ABC}.Debug|x64.Build.0 = Debug|x64
		{348658CC-E11B-4454-BBF1-CD710AE38ABC}.DebugEditor|x64.ActiveCfg = DebugEditor|x64
		{348658CC-E11B-4454-BBF1-CD710AE38ABC}.DebugEditor|x64.Build.0 = DebugEditor|x64
		{348658CC-E11B-4454-BBF1-CD710AE38ABC}.Release|x64.ActiveCfg = Release|x64
		{348658CC-E11B-4454-BBF1-CD710AE38ABC}.Release|x64.Build.0 = Release|x64
		{348658CC-E11B-4454-BBF1-CD710AE38ABC}.ReleaseEditor|x64.ActiveCfg = ReleaseEditor|x64
		{348658CC-E11B-4454-BBF1-CD710AE38ABC}.ReleaseEditor|x64.Build.0 = ReleaseEditor|x64
		{33312AC2-CA3D-4CD8-BBBE-351EAEFFE457}.Debug|x64.ActiveCfg = Debug|x64
		{33312AC2-CA3D-4CD8-BBBE-351EAEFFE457}.Debug|x64.Build.0 = Debug|x64
		{33312AC2-CA3D-4CD8-BBBE-351EAEFFE457}.DebugEditor|x64.ActiveCfg = DebugEditor|x64
		{33312AC2-CA3D-4CD8-BBBE-351EAEFFE457}.DebugEditor|x64.Build.0 = DebugEditor|x64
		{33312AC2-CA3D-4CD8-BBBE-351EAEFFE457}.Release|x64.ActiveCfg = Release|x64
		{33312AC2-CA3D-4CD8-BBBE-351EAEFFE457}.Release|x64.Build.0 = Release|x64
		{33312AC2-CA3D-4CD8-BBBE-351EAEFFE457}.ReleaseEditor|x64.ActiveCfg = ReleaseEditor|x64
		{33312AC2-CA3D-4CD8-BBBE-351EAEFFE457}.ReleaseEditor|x64.Build.0 = ReleaseEditor|x64
		{89F461F5-3D4C-4F87-9201-1E81029014B8}.Debug|x64.ActiveCfg = DebugEditor|x64
		{89F461F5-3D4C-4F87-9201-1E81029014B8}.Debug|x64.Build.0 = DebugEditor|x64
		{89F461F5-3D4C-4F87-9201-1E81029014B8}.DebugEditor|x64.ActiveCfg = DebugEditor|x64
		{89F461F5-3D4C-4F87-9201-1E81029014B8}.DebugEditor|x64.Build.0 = DebugEditor|x64
		{89F461F5-3D4C-4F87-9201-1E81029014B8}.Release|x64.ActiveCfg = ReleaseEditor|x64
		{89F461F5-3D4C-4F87-9201-1E81029014B8}.Release|x64.Build.0 = ReleaseEditor|x64
		{89F461F5-3D4C-4F87-9201-1E81029014B8}.ReleaseEditor|x64.ActiveCfg = ReleaseEditor|x64
		{89F461F5-3D4C-4F87-9201-1E81029014B8}.ReleaseEditor|x64.Build.0 = ReleaseEditor|x64
		{55611667-72B1-4398-AC49-78CF9D5FE88A}.Debug|x64.ActiveCfg = DebugEditor|x64
		{55611667-72B1-4398-AC49-78CF9D5FE88A}.Debug|x64.Build.0 = DebugEditor|x64
		{55611667-72B1-4398-AC49-78CF9D5FE88A}.DebugEditor|x64.ActiveCfg = DebugEditor|x64
		{55611667-72B1-4398-AC49-78CF9D5FE88A}.DebugEditor|x64.Build.0 = DebugEditor|x64
		{55611667-72B1-4398-AC49-78CF9D5FE88A}.Release|x64.ActiveCfg = ReleaseEditor|x64
		{55611667-72B1-4398-AC49-78CF9D5FE88A}.Release|x64.Build.0 = ReleaseEditor|x64
		{55611667-72B1-4398-AC49-78CF9D5FE88A}.ReleaseEditor|x64.ActiveCfg = ReleaseEditor|x64
		{55611667-72B1-4398-AC49-78CF9D5FE88A}.ReleaseEditor|x64.Build.0 = ReleaseEditor|x64
	EndGlobalSection
	GlobalSection(SolutionProperties) = preSolution
		HideSolutionNode = FALSE
	EndGlobalSection
	GlobalSection(ExtensibilityGlobals) = postSolution
		SolutionGuid = {AA734AB5-E03C-4866-A784-44AF34D0068A}
	EndGlobalSection
EndGlobal
