
Microsoft Visual Studio Solution File, Format Version 12.00
# Visual Studio Version 17
VisualStudioVersion = 17.2.32616.157
MinimumVisualStudioVersion = 10.0.40219.1
Project("{9A19103F-16F7-4668-BE54-9A1E7A4F7556}") = "IADEditor", "IADEditor\IADEditor.csproj", "{51DFBDA5-3F0B-4639-8A81-B8E7379BDA77}"
EndProject
Project("{8BC9CEB8-8B4A-11D0-8D11-00A0C91BC942}") = "Engine", "Engine\Engine.vcxproj", "{348658CC-E11B-4454-BBF1-CD710AE38ABC}"
EndProject
Project("{8BC9CEB8-8B4A-11D0-8D11-00A0C91BC942}") = "EngineTest", "EngineTest\EngineTest.vcxproj", "{33312AC2-CA3D-4CD8-BBBE-351EAEFFE457}"
EndProject
Project("{8BC9CEB8-8B4A-11D0-8D11-00A0C91BC942}") = "EngineDLL", "EngineDLL\EngineDLL.vcxproj", "{89F461F5-3D4C-4F87-9201-1E81029014B8}"
EndProject
Global
	GlobalSection(SolutionConfigurationPlatforms) = preSolution
		Debug|Any CPU = Debug|Any CPU
		Debug|x64 = Debug|x64
		Debug|x86 = Debug|x86
		DebugEditor|Any CPU = DebugEditor|Any CPU
		DebugEditor|x64 = DebugEditor|x64
		DebugEditor|x86 = DebugEditor|x86
		Release|Any CPU = Release|Any CPU
		Release|x64 = Release|x64
		Release|x86 = Release|x86
		ReleaseEditor|Any CPU = ReleaseEditor|Any CPU
		ReleaseEditor|x64 = ReleaseEditor|x64
		ReleaseEditor|x86 = ReleaseEditor|x86
	EndGlobalSection
	GlobalSection(ProjectConfigurationPlatforms) = postSolution
		{51DFBDA5-3F0B-4639-8A81-B8E7379BDA77}.Debug|Any CPU.ActiveCfg = Debug|Any CPU
		{51DFBDA5-3F0B-4639-8A81-B8E7379BDA77}.Debug|Any CPU.Build.0 = Debug|Any CPU
		{51DFBDA5-3F0B-4639-8A81-B8E7379BDA77}.Debug|x64.ActiveCfg = Debug|Any CPU
		{51DFBDA5-3F0B-4639-8A81-B8E7379BDA77}.Debug|x64.Build.0 = Debug|Any CPU
		{51DFBDA5-3F0B-4639-8A81-B8E7379BDA77}.Debug|x86.ActiveCfg = Debug|Any CPU
		{51DFBDA5-3F0B-4639-8A81-B8E7379BDA77}.Debug|x86.Build.0 = Debug|Any CPU
		{51DFBDA5-3F0B-4639-8A81-B8E7379BDA77}.DebugEditor|Any CPU.ActiveCfg = DebugEditor|Any CPU
		{51DFBDA5-3F0B-4639-8A81-B8E7379BDA77}.DebugEditor|Any CPU.Build.0 = DebugEditor|Any CPU
		{51DFBDA5-3F0B-4639-8A81-B8E7379BDA77}.DebugEditor|x64.ActiveCfg = DebugEditor|x64
		{51DFBDA5-3F0B-4639-8A81-B8E7379BDA77}.DebugEditor|x64.Build.0 = DebugEditor|x64
		{51DFBDA5-3F0B-4639-8A81-B8E7379BDA77}.DebugEditor|x86.ActiveCfg = DebugEditor|Any CPU
		{51DFBDA5-3F0B-4639-8A81-B8E7379BDA77}.DebugEditor|x86.Build.0 = DebugEditor|Any CPU
		{51DFBDA5-3F0B-4639-8A81-B8E7379BDA77}.Release|Any CPU.ActiveCfg = Release|Any CPU
		{51DFBDA5-3F0B-4639-8A81-B8E7379BDA77}.Release|Any CPU.Build.0 = Release|Any CPU
		{51DFBDA5-3F0B-4639-8A81-B8E7379BDA77}.Release|x64.ActiveCfg = Release|Any CPU
		{51DFBDA5-3F0B-4639-8A81-B8E7379BDA77}.Release|x64.Build.0 = Release|Any CPU
		{51DFBDA5-3F0B-4639-8A81-B8E7379BDA77}.Release|x86.ActiveCfg = Release|Any CPU
		{51DFBDA5-3F0B-4639-8A81-B8E7379BDA77}.Release|x86.Build.0 = Release|Any CPU
		{51DFBDA5-3F0B-4639-8A81-B8E7379BDA77}.ReleaseEditor|Any CPU.ActiveCfg = ReleaseEditor|Any CPU
		{51DFBDA5-3F0B-4639-8A81-B8E7379BDA77}.ReleaseEditor|Any CPU.Build.0 = ReleaseEditor|Any CPU
		{51DFBDA5-3F0B-4639-8A81-B8E7379BDA77}.ReleaseEditor|x64.ActiveCfg = ReleaseEditor|x64
		{51DFBDA5-3F0B-4639-8A81-B8E7379BDA77}.ReleaseEditor|x64.Build.0 = ReleaseEditor|x64
		{51DFBDA5-3F0B-4639-8A81-B8E7379BDA77}.ReleaseEditor|x86.ActiveCfg = ReleaseEditor|Any CPU
		{51DFBDA5-3F0B-4639-8A81-B8E7379BDA77}.ReleaseEditor|x86.Build.0 = ReleaseEditor|Any CPU
		{348658CC-E11B-4454-BBF1-CD710AE38ABC}.Debug|Any CPU.ActiveCfg = Debug|x64
		{348658CC-E11B-4454-BBF1-CD710AE38ABC}.Debug|Any CPU.Build.0 = Debug|x64
		{348658CC-E11B-4454-BBF1-CD710AE38ABC}.Debug|x64.ActiveCfg = Debug|x64
		{348658CC-E11B-4454-BBF1-CD710AE38ABC}.Debug|x64.Build.0 = Debug|x64
		{348658CC-E11B-4454-BBF1-CD710AE38ABC}.Debug|x86.ActiveCfg = Debug|x64
		{348658CC-E11B-4454-BBF1-CD710AE38ABC}.DebugEditor|Any CPU.ActiveCfg = DebugEditor|x64
		{348658CC-E11B-4454-BBF1-CD710AE38ABC}.DebugEditor|Any CPU.Build.0 = DebugEditor|x64
		{348658CC-E11B-4454-BBF1-CD710AE38ABC}.DebugEditor|x64.ActiveCfg = DebugEditor|x64
		{348658CC-E11B-4454-BBF1-CD710AE38ABC}.DebugEditor|x64.Build.0 = DebugEditor|x64
		{348658CC-E11B-4454-BBF1-CD710AE38ABC}.DebugEditor|x86.ActiveCfg = DebugEditor|x64
		{348658CC-E11B-4454-BBF1-CD710AE38ABC}.DebugEditor|x86.Build.0 = DebugEditor|x64
		{348658CC-E11B-4454-BBF1-CD710AE38ABC}.Release|Any CPU.ActiveCfg = Release|x64
		{348658CC-E11B-4454-BBF1-CD710AE38ABC}.Release|Any CPU.Build.0 = Release|x64
		{348658CC-E11B-4454-BBF1-CD710AE38ABC}.Release|x64.ActiveCfg = Release|x64
		{348658CC-E11B-4454-BBF1-CD710AE38ABC}.Release|x64.Build.0 = Release|x64
		{348658CC-E11B-4454-BBF1-CD710AE38ABC}.Release|x86.ActiveCfg = Release|x64
		{348658CC-E11B-4454-BBF1-CD710AE38ABC}.ReleaseEditor|Any CPU.ActiveCfg = ReleaseEditor|x64
		{348658CC-E11B-4454-BBF1-CD710AE38ABC}.ReleaseEditor|Any CPU.Build.0 = ReleaseEditor|x64
		{348658CC-E11B-4454-BBF1-CD710AE38ABC}.ReleaseEditor|x64.ActiveCfg = ReleaseEditor|x64
		{348658CC-E11B-4454-BBF1-CD710AE38ABC}.ReleaseEditor|x64.Build.0 = ReleaseEditor|x64
		{348658CC-E11B-4454-BBF1-CD710AE38ABC}.ReleaseEditor|x86.ActiveCfg = ReleaseEditor|x64
		{348658CC-E11B-4454-BBF1-CD710AE38ABC}.ReleaseEditor|x86.Build.0 = ReleaseEditor|x64
		{33312AC2-CA3D-4CD8-BBBE-351EAEFFE457}.Debug|Any CPU.ActiveCfg = Debug|x64
		{33312AC2-CA3D-4CD8-BBBE-351EAEFFE457}.Debug|Any CPU.Build.0 = Debug|x64
		{33312AC2-CA3D-4CD8-BBBE-351EAEFFE457}.Debug|x64.ActiveCfg = Debug|x64
		{33312AC2-CA3D-4CD8-BBBE-351EAEFFE457}.Debug|x64.Build.0 = Debug|x64
		{33312AC2-CA3D-4CD8-BBBE-351EAEFFE457}.Debug|x86.ActiveCfg = Debug|Win32
		{33312AC2-CA3D-4CD8-BBBE-351EAEFFE457}.Debug|x86.Build.0 = Debug|Win32
		{33312AC2-CA3D-4CD8-BBBE-351EAEFFE457}.DebugEditor|Any CPU.ActiveCfg = DebugEditor|x64
		{33312AC2-CA3D-4CD8-BBBE-351EAEFFE457}.DebugEditor|Any CPU.Build.0 = DebugEditor|x64
		{33312AC2-CA3D-4CD8-BBBE-351EAEFFE457}.DebugEditor|x64.ActiveCfg = DebugEditor|x64
		{33312AC2-CA3D-4CD8-BBBE-351EAEFFE457}.DebugEditor|x64.Build.0 = DebugEditor|x64
		{33312AC2-CA3D-4CD8-BBBE-351EAEFFE457}.DebugEditor|x86.ActiveCfg = DebugEditor|x64
		{33312AC2-CA3D-4CD8-BBBE-351EAEFFE457}.DebugEditor|x86.Build.0 = DebugEditor|x64
		{33312AC2-CA3D-4CD8-BBBE-351EAEFFE457}.Release|Any CPU.ActiveCfg = Release|x64
		{33312AC2-CA3D-4CD8-BBBE-351EAEFFE457}.Release|Any CPU.Build.0 = Release|x64
		{33312AC2-CA3D-4CD8-BBBE-351EAEFFE457}.Release|x64.ActiveCfg = Release|x64
		{33312AC2-CA3D-4CD8-BBBE-351EAEFFE457}.Release|x64.Build.0 = Release|x64
		{33312AC2-CA3D-4CD8-BBBE-351EAEFFE457}.Release|x86.ActiveCfg = Release|Win32
		{33312AC2-CA3D-4CD8-BBBE-351EAEFFE457}.Release|x86.Build.0 = Release|Win32
		{33312AC2-CA3D-4CD8-BBBE-351EAEFFE457}.ReleaseEditor|Any CPU.ActiveCfg = ReleaseEditor|x64
		{33312AC2-CA3D-4CD8-BBBE-351EAEFFE457}.ReleaseEditor|Any CPU.Build.0 = ReleaseEditor|x64
		{33312AC2-CA3D-4CD8-BBBE-351EAEFFE457}.ReleaseEditor|x64.ActiveCfg = ReleaseEditor|x64
		{33312AC2-CA3D-4CD8-BBBE-351EAEFFE457}.ReleaseEditor|x64.Build.0 = ReleaseEditor|x64
		{33312AC2-CA3D-4CD8-BBBE-351EAEFFE457}.ReleaseEditor|x86.ActiveCfg = ReleaseEditor|x64
		{33312AC2-CA3D-4CD8-BBBE-351EAEFFE457}.ReleaseEditor|x86.Build.0 = ReleaseEditor|x64
		{89F461F5-3D4C-4F87-9201-1E81029014B8}.Debug|Any CPU.ActiveCfg = Debug|x64
		{89F461F5-3D4C-4F87-9201-1E81029014B8}.Debug|Any CPU.Build.0 = Debug|x64
		{89F461F5-3D4C-4F87-9201-1E81029014B8}.Debug|x64.ActiveCfg = Debug|x64
		{89F461F5-3D4C-4F87-9201-1E81029014B8}.Debug|x64.Build.0 = Debug|x64
		{89F461F5-3D4C-4F87-9201-1E81029014B8}.Debug|x86.ActiveCfg = Debug|Win32
		{89F461F5-3D4C-4F87-9201-1E81029014B8}.Debug|x86.Build.0 = Debug|Win32
		{89F461F5-3D4C-4F87-9201-1E81029014B8}.DebugEditor|Any CPU.ActiveCfg = DebugEditor|x64
		{89F461F5-3D4C-4F87-9201-1E81029014B8}.DebugEditor|Any CPU.Build.0 = DebugEditor|x64
		{89F461F5-3D4C-4F87-9201-1E81029014B8}.DebugEditor|x64.ActiveCfg = DebugEditor|x64
		{89F461F5-3D4C-4F87-9201-1E81029014B8}.DebugEditor|x64.Build.0 = DebugEditor|x64
		{89F461F5-3D4C-4F87-9201-1E81029014B8}.DebugEditor|x86.ActiveCfg = DebugEditor|x64
		{89F461F5-3D4C-4F87-9201-1E81029014B8}.DebugEditor|x86.Build.0 = DebugEditor|x64
		{89F461F5-3D4C-4F87-9201-1E81029014B8}.Release|Any CPU.ActiveCfg = Release|x64
		{89F461F5-3D4C-4F87-9201-1E81029014B8}.Release|Any CPU.Build.0 = Release|x64
		{89F461F5-3D4C-4F87-9201-1E81029014B8}.Release|x64.ActiveCfg = Release|x64
		{89F461F5-3D4C-4F87-9201-1E81029014B8}.Release|x64.Build.0 = Release|x64
		{89F461F5-3D4C-4F87-9201-1E81029014B8}.Release|x86.ActiveCfg = Release|Win32
		{89F461F5-3D4C-4F87-9201-1E81029014B8}.Release|x86.Build.0 = Release|Win32
		{89F461F5-3D4C-4F87-9201-1E81029014B8}.ReleaseEditor|Any CPU.ActiveCfg = ReleaseEditor|x64
		{89F461F5-3D4C-4F87-9201-1E81029014B8}.ReleaseEditor|Any CPU.Build.0 = ReleaseEditor|x64
		{89F461F5-3D4C-4F87-9201-1E81029014B8}.ReleaseEditor|x64.ActiveCfg = ReleaseEditor|x64
		{89F461F5-3D4C-4F87-9201-1E81029014B8}.ReleaseEditor|x64.Build.0 = ReleaseEditor|x64
		{89F461F5-3D4C-4F87-9201-1E81029014B8}.ReleaseEditor|x86.ActiveCfg = ReleaseEditor|x64
		{89F461F5-3D4C-4F87-9201-1E81029014B8}.ReleaseEditor|x86.Build.0 = ReleaseEditor|x64
	EndGlobalSection
	GlobalSection(SolutionProperties) = preSolution
		HideSolutionNode = FALSE
	EndGlobalSection
	GlobalSection(ExtensibilityGlobals) = postSolution
		SolutionGuid = {AA734AB5-E03C-4866-A784-44AF34D0068A}
	EndGlobalSection
EndGlobal
